
Microsoft Visual Studio Solution File, Format Version 12.00
# Visual Studio Version 16
VisualStudioVersion = 16.0.30711.63
MinimumVisualStudioVersion = 10.0.40219.1
Project("{FAE04EC0-301F-11D3-BF4B-00C04F79EFBC}") = "xadrez-console", "xadrez-console\xadrez-console.csproj", "{1DF47087-8ECC-4F32-B328-6B177450C332}"
EndProject
Global
	GlobalSection(SolutionConfigurationPlatforms) = preSolution
		Debug|Any CPU = Debug|Any CPU
		Release|Any CPU = Release|Any CPU
	EndGlobalSection
	GlobalSection(ProjectConfigurationPlatforms) = postSolution
		{1DF47087-8ECC-4F32-B328-6B177450C332}.Debug|Any CPU.ActiveCfg = Debug|Any CPU
		{1DF47087-8ECC-4F32-B328-6B177450C332}.Debug|Any CPU.Build.0 = Debug|Any CPU
		{1DF47087-8ECC-4F32-B328-6B177450C332}.Release|Any CPU.ActiveCfg = Release|Any CPU
		{1DF47087-8ECC-4F32-B328-6B177450C332}.Release|Any CPU.Build.0 = Release|Any CPU
	EndGlobalSection
	GlobalSection(SolutionProperties) = preSolution
		HideSolutionNode = FALSE
	EndGlobalSection
	GlobalSection(ExtensibilityGlobals) = postSolution
		SolutionGuid = {FC30AF1C-0918-4335-B106-F8FF409DE631}
	EndGlobalSection
EndGlobal
